
Microsoft Visual Studio Solution File, Format Version 12.00
# Visual Studio 14
VisualStudioVersion = 14.0.25420.1
MinimumVisualStudioVersion = 10.0.40219.1
Project("{FAE04EC0-301F-11D3-BF4B-00C04F79EFBC}") = "FlyingKetchup", "FlyingKetchup\FlyingKetchup.csproj", "{712A1AAA-0F88-4446-B84B-F44B824D83BD}"
EndProject
Project("{FAE04EC0-301F-11D3-BF4B-00C04F79EFBC}") = "FlyingKetchup.Tests", "FlyingKetchup.Tests\FlyingKetchup.Tests.csproj", "{57731B0F-DE33-490C-B0C1-CD255561CA8A}"
EndProject
Global
	GlobalSection(SolutionConfigurationPlatforms) = preSolution
		Debug|Any CPU = Debug|Any CPU
		Release|Any CPU = Release|Any CPU
	EndGlobalSection
	GlobalSection(ProjectConfigurationPlatforms) = postSolution
		{712A1AAA-0F88-4446-B84B-F44B824D83BD}.Debug|Any CPU.ActiveCfg = Debug|Any CPU
		{712A1AAA-0F88-4446-B84B-F44B824D83BD}.Debug|Any CPU.Build.0 = Debug|Any CPU
		{712A1AAA-0F88-4446-B84B-F44B824D83BD}.Release|Any CPU.ActiveCfg = Release|Any CPU
		{712A1AAA-0F88-4446-B84B-F44B824D83BD}.Release|Any CPU.Build.0 = Release|Any CPU
		{57731B0F-DE33-490C-B0C1-CD255561CA8A}.Debug|Any CPU.ActiveCfg = Debug|Any CPU
		{57731B0F-DE33-490C-B0C1-CD255561CA8A}.Debug|Any CPU.Build.0 = Debug|Any CPU
		{57731B0F-DE33-490C-B0C1-CD255561CA8A}.Release|Any CPU.ActiveCfg = Release|Any CPU
		{57731B0F-DE33-490C-B0C1-CD255561CA8A}.Release|Any CPU.Build.0 = Release|Any CPU
	EndGlobalSection
	GlobalSection(SolutionProperties) = preSolution
		HideSolutionNode = FALSE
	EndGlobalSection
EndGlobal
